
Microsoft Visual Studio Solution File, Format Version 12.00
# Visual Studio Version 16
VisualStudioVersion = 16.0.29418.71
MinimumVisualStudioVersion = 10.0.40219.1
Project("{FAE04EC0-301F-11D3-BF4B-00C04F79EFBC}") = "ErtanSahin.Web.UI", "ErtanSahin.Web.UI\ErtanSahin.Web.UI.csproj", "{0AFD9D6C-6329-49F0-8734-5AAFC9B8B592}"
EndProject
Global
	GlobalSection(SolutionConfigurationPlatforms) = preSolution
		Debug|Any CPU = Debug|Any CPU
		Release|Any CPU = Release|Any CPU
	EndGlobalSection
	GlobalSection(ProjectConfigurationPlatforms) = postSolution
		{0AFD9D6C-6329-49F0-8734-5AAFC9B8B592}.Debug|Any CPU.ActiveCfg = Debug|Any CPU
		{0AFD9D6C-6329-49F0-8734-5AAFC9B8B592}.Debug|Any CPU.Build.0 = Debug|Any CPU
		{0AFD9D6C-6329-49F0-8734-5AAFC9B8B592}.Release|Any CPU.ActiveCfg = Release|Any CPU
		{0AFD9D6C-6329-49F0-8734-5AAFC9B8B592}.Release|Any CPU.Build.0 = Release|Any CPU
	EndGlobalSection
	GlobalSection(SolutionProperties) = preSolution
		HideSolutionNode = FALSE
	EndGlobalSection
	GlobalSection(ExtensibilityGlobals) = postSolution
		SolutionGuid = {C8F1503D-D67B-4E12-853E-66DA4E6D72E4}
	EndGlobalSection
EndGlobal
